
Microsoft Visual Studio Solution File, Format Version 12.00
# Visual Studio Version 17
VisualStudioVersion = 17.4.33213.308
MinimumVisualStudioVersion = 10.0.40219.1
Project("{FAE04EC0-301F-11D3-BF4B-00C04F79EFBC}") = "modul6_1302210028", "modul6_1302210028\modul6_1302210028.csproj", "{ABCF6DAA-EF1B-4BF7-881B-BF91458D700E}"
EndProject
Global
	GlobalSection(SolutionConfigurationPlatforms) = preSolution
		Debug|Any CPU = Debug|Any CPU
		Release|Any CPU = Release|Any CPU
	EndGlobalSection
	GlobalSection(ProjectConfigurationPlatforms) = postSolution
		{ABCF6DAA-EF1B-4BF7-881B-BF91458D700E}.Debug|Any CPU.ActiveCfg = Debug|Any CPU
		{ABCF6DAA-EF1B-4BF7-881B-BF91458D700E}.Debug|Any CPU.Build.0 = Debug|Any CPU
		{ABCF6DAA-EF1B-4BF7-881B-BF91458D700E}.Release|Any CPU.ActiveCfg = Release|Any CPU
		{ABCF6DAA-EF1B-4BF7-881B-BF91458D700E}.Release|Any CPU.Build.0 = Release|Any CPU
	EndGlobalSection
	GlobalSection(SolutionProperties) = preSolution
		HideSolutionNode = FALSE
	EndGlobalSection
	GlobalSection(ExtensibilityGlobals) = postSolution
		SolutionGuid = {BD918AD4-3378-46EC-8FA7-652F5DB335E8}
	EndGlobalSection
EndGlobal
